
Microsoft Visual Studio Solution File, Format Version 12.00
# Visual Studio Version 16
VisualStudioVersion = 16.0.30621.155
MinimumVisualStudioVersion = 10.0.40219.1
Project("{FAE04EC0-301F-11D3-BF4B-00C04F79EFBC}") = "RESTClientIntercapVTEX", "RESTClientIntercapVTEX\RESTClientIntercapVTEX.csproj", "{0A42C6BE-57F8-489B-9604-857804646634}"
EndProject
Global
	GlobalSection(SolutionConfigurationPlatforms) = preSolution
		Debug|Any CPU = Debug|Any CPU
		Release|Any CPU = Release|Any CPU
	EndGlobalSection
	GlobalSection(ProjectConfigurationPlatforms) = postSolution
		{0A42C6BE-57F8-489B-9604-857804646634}.Debug|Any CPU.ActiveCfg = Debug|Any CPU
		{0A42C6BE-57F8-489B-9604-857804646634}.Debug|Any CPU.Build.0 = Debug|Any CPU
		{0A42C6BE-57F8-489B-9604-857804646634}.Release|Any CPU.ActiveCfg = Release|Any CPU
		{0A42C6BE-57F8-489B-9604-857804646634}.Release|Any CPU.Build.0 = Release|Any CPU
	EndGlobalSection
	GlobalSection(SolutionProperties) = preSolution
		HideSolutionNode = FALSE
	EndGlobalSection
	GlobalSection(ExtensibilityGlobals) = postSolution
		SolutionGuid = {CF2BCCB3-407C-438A-9454-BA52C9D76C1C}
	EndGlobalSection
EndGlobal
